
Microsoft Visual Studio Solution File, Format Version 12.00
# Visual Studio 2013
VisualStudioVersion = 12.0.30501.0
MinimumVisualStudioVersion = 10.0.40219.1
Project("{8BC9CEB8-8B4A-11D0-8D11-00A0C91BC942}") = "ConsoleApplication168", "ConsoleApplication168\ConsoleApplication168.vcxproj", "{0D743142-0154-4B3D-906C-6BE67F89BB31}"
EndProject
Global
	GlobalSection(SolutionConfigurationPlatforms) = preSolution
		Debug|Win32 = Debug|Win32
		Release|Win32 = Release|Win32
	EndGlobalSection
	GlobalSection(ProjectConfigurationPlatforms) = postSolution
		{0D743142-0154-4B3D-906C-6BE67F89BB31}.Debug|Win32.ActiveCfg = Debug|Win32
		{0D743142-0154-4B3D-906C-6BE67F89BB31}.Debug|Win32.Build.0 = Debug|Win32
		{0D743142-0154-4B3D-906C-6BE67F89BB31}.Release|Win32.ActiveCfg = Release|Win32
		{0D743142-0154-4B3D-906C-6BE67F89BB31}.Release|Win32.Build.0 = Release|Win32
	EndGlobalSection
	GlobalSection(SolutionProperties) = preSolution
		HideSolutionNode = FALSE
	EndGlobalSection
EndGlobal
